
Microsoft Visual Studio Solution File, Format Version 12.00
# Visual Studio Version 16
VisualStudioVersion = 25.0.1706.0
MinimumVisualStudioVersion = 10.0.40219.1
Project("{FAE04EC0-301F-11D3-BF4B-00C04F79EFBC}") = "RefinityMath", "RefinityMath\RefinityMath.csproj", "{E7CC904A-67AE-4737-9399-AA47B680D62E}"
EndProject
Project("{FAE04EC0-301F-11D3-BF4B-00C04F79EFBC}") = "RefinityEnums", "RefinityEnums\RefinityEnums.csproj", "{BD55AE34-E75A-4AAB-AF18-4187369AF66C}"
EndProject
Project("{FAE04EC0-301F-11D3-BF4B-00C04F79EFBC}") = "RefinityConversion", "RefinityConversion\RefinityConversion.csproj", "{06F3AF56-BDFD-4C15-B2B9-1785AC02B330}"
EndProject
Project("{FAE04EC0-301F-11D3-BF4B-00C04F79EFBC}") = "RefinityStrings", "RefinityStrings\RefinityStrings.csproj", "{458B16B1-A939-4135-A754-72FF6185181E}"
EndProject
Project("{FAE04EC0-301F-11D3-BF4B-00C04F79EFBC}") = "RefinityDate", "RefinityDate\RefinityDate.csproj", "{567A236B-99E7-4D03-8043-4F506704DC72}"
EndProject
Project("{FAE04EC0-301F-11D3-BF4B-00C04F79EFBC}") = "RefinityFinance", "RefinityFinance\RefinityFinance.csproj", "{EC19E4E5-2914-4F8C-87CA-DB61D10879D8}"
EndProject
Project("{FAE04EC0-301F-11D3-BF4B-00C04F79EFBC}") = "RefinityGeometry", "RefinityGeometry\RefinityGeometry.csproj", "{39586188-C5CE-4249-BD8A-BA27F0C67EDD}"
EndProject
Project("{FAE04EC0-301F-11D3-BF4B-00C04F79EFBC}") = "RefinityIO", "RefinityIO\RefinityIO.csproj", "{552B9D60-4113-47AD-9AEE-3AE034160544}"
EndProject
Project("{FAE04EC0-301F-11D3-BF4B-00C04F79EFBC}") = "RefinityLogging", "RefinityLogging\RefinityLogging.csproj", "{48D51299-49A8-45DE-A206-3604A5019D80}"
EndProject
Project("{FAE04EC0-301F-11D3-BF4B-00C04F79EFBC}") = "Refinity", "Refinity\Refinity.csproj", "{7E9E74AF-82AC-46DE-947F-35C3EADC0443}"
EndProject
Global
	GlobalSection(SolutionConfigurationPlatforms) = preSolution
		Debug|Any CPU = Debug|Any CPU
		Release|Any CPU = Release|Any CPU
	EndGlobalSection
	GlobalSection(ProjectConfigurationPlatforms) = postSolution
		{E7CC904A-67AE-4737-9399-AA47B680D62E}.Debug|Any CPU.ActiveCfg = Debug|Any CPU
		{E7CC904A-67AE-4737-9399-AA47B680D62E}.Debug|Any CPU.Build.0 = Debug|Any CPU
		{E7CC904A-67AE-4737-9399-AA47B680D62E}.Release|Any CPU.ActiveCfg = Release|Any CPU
		{E7CC904A-67AE-4737-9399-AA47B680D62E}.Release|Any CPU.Build.0 = Release|Any CPU
		{BD55AE34-E75A-4AAB-AF18-4187369AF66C}.Debug|Any CPU.ActiveCfg = Debug|Any CPU
		{BD55AE34-E75A-4AAB-AF18-4187369AF66C}.Debug|Any CPU.Build.0 = Debug|Any CPU
		{BD55AE34-E75A-4AAB-AF18-4187369AF66C}.Release|Any CPU.ActiveCfg = Release|Any CPU
		{BD55AE34-E75A-4AAB-AF18-4187369AF66C}.Release|Any CPU.Build.0 = Release|Any CPU
		{06F3AF56-BDFD-4C15-B2B9-1785AC02B330}.Debug|Any CPU.ActiveCfg = Debug|Any CPU
		{06F3AF56-BDFD-4C15-B2B9-1785AC02B330}.Debug|Any CPU.Build.0 = Debug|Any CPU
		{06F3AF56-BDFD-4C15-B2B9-1785AC02B330}.Release|Any CPU.ActiveCfg = Release|Any CPU
		{06F3AF56-BDFD-4C15-B2B9-1785AC02B330}.Release|Any CPU.Build.0 = Release|Any CPU
		{458B16B1-A939-4135-A754-72FF6185181E}.Debug|Any CPU.ActiveCfg = Debug|Any CPU
		{458B16B1-A939-4135-A754-72FF6185181E}.Debug|Any CPU.Build.0 = Debug|Any CPU
		{458B16B1-A939-4135-A754-72FF6185181E}.Release|Any CPU.ActiveCfg = Release|Any CPU
		{458B16B1-A939-4135-A754-72FF6185181E}.Release|Any CPU.Build.0 = Release|Any CPU
		{567A236B-99E7-4D03-8043-4F506704DC72}.Debug|Any CPU.ActiveCfg = Debug|Any CPU
		{567A236B-99E7-4D03-8043-4F506704DC72}.Debug|Any CPU.Build.0 = Debug|Any CPU
		{567A236B-99E7-4D03-8043-4F506704DC72}.Release|Any CPU.ActiveCfg = Release|Any CPU
		{567A236B-99E7-4D03-8043-4F506704DC72}.Release|Any CPU.Build.0 = Release|Any CPU
		{EC19E4E5-2914-4F8C-87CA-DB61D10879D8}.Debug|Any CPU.ActiveCfg = Debug|Any CPU
		{EC19E4E5-2914-4F8C-87CA-DB61D10879D8}.Debug|Any CPU.Build.0 = Debug|Any CPU
		{EC19E4E5-2914-4F8C-87CA-DB61D10879D8}.Release|Any CPU.ActiveCfg = Release|Any CPU
		{EC19E4E5-2914-4F8C-87CA-DB61D10879D8}.Release|Any CPU.Build.0 = Release|Any CPU
		{39586188-C5CE-4249-BD8A-BA27F0C67EDD}.Debug|Any CPU.ActiveCfg = Debug|Any CPU
		{39586188-C5CE-4249-BD8A-BA27F0C67EDD}.Debug|Any CPU.Build.0 = Debug|Any CPU
		{39586188-C5CE-4249-BD8A-BA27F0C67EDD}.Release|Any CPU.ActiveCfg = Release|Any CPU
		{39586188-C5CE-4249-BD8A-BA27F0C67EDD}.Release|Any CPU.Build.0 = Release|Any CPU
		{552B9D60-4113-47AD-9AEE-3AE034160544}.Debug|Any CPU.ActiveCfg = Debug|Any CPU
		{552B9D60-4113-47AD-9AEE-3AE034160544}.Debug|Any CPU.Build.0 = Debug|Any CPU
		{552B9D60-4113-47AD-9AEE-3AE034160544}.Release|Any CPU.ActiveCfg = Release|Any CPU
		{552B9D60-4113-47AD-9AEE-3AE034160544}.Release|Any CPU.Build.0 = Release|Any CPU
		{48D51299-49A8-45DE-A206-3604A5019D80}.Debug|Any CPU.ActiveCfg = Debug|Any CPU
		{48D51299-49A8-45DE-A206-3604A5019D80}.Debug|Any CPU.Build.0 = Debug|Any CPU
		{48D51299-49A8-45DE-A206-3604A5019D80}.Release|Any CPU.ActiveCfg = Release|Any CPU
		{48D51299-49A8-45DE-A206-3604A5019D80}.Release|Any CPU.Build.0 = Release|Any CPU
		{7E9E74AF-82AC-46DE-947F-35C3EADC0443}.Debug|Any CPU.ActiveCfg = Debug|Any CPU
		{7E9E74AF-82AC-46DE-947F-35C3EADC0443}.Debug|Any CPU.Build.0 = Debug|Any CPU
		{7E9E74AF-82AC-46DE-947F-35C3EADC0443}.Release|Any CPU.ActiveCfg = Release|Any CPU
		{7E9E74AF-82AC-46DE-947F-35C3EADC0443}.Release|Any CPU.Build.0 = Release|Any CPU
	EndGlobalSection
	GlobalSection(SolutionProperties) = preSolution
		HideSolutionNode = FALSE
	EndGlobalSection
	GlobalSection(ExtensibilityGlobals) = postSolution
		SolutionGuid = {DD00527B-A2E8-41E3-A4F1-3F51542CB321}
	EndGlobalSection
EndGlobal
